PODS:
  - AnalyticsSwiftCocoapod (1.8.0):
    - JSONSafeEncoding (= 2.0.0)
    - Sovran (= 1.1.1)
  - BigInt (5.2.0)
  - curvelib.swift (2.0.0)
  - Firebase/Auth (11.4.0):
    - Firebase/CoreOnly
    - FirebaseAuth (~> 11.4.0)
  - Firebase/CoreOnly (11.4.0):
    - FirebaseCore (= 11.4.0)
  - firebase_auth (5.3.4):
    - Firebase/Auth (= 11.4.0)
    - firebase_core
    - Flutter
  - firebase_core (3.8.1):
    - Firebase/CoreOnly (= 11.4.0)
    - Flutter
  - FirebaseAppCheckInterop (11.15.0)
  - FirebaseAuth (11.4.0):
    - FirebaseAppCheckInterop (~> 11.0)
    - FirebaseAuthInterop (~> 11.0)
    - FirebaseCore (~> 11.4)
    - FirebaseCoreExtension (~> 11.4)
    - GoogleUtilities/AppDelegateSwizzler (~> 8.0)
    - GoogleUtilities/Environment (~> 8.0)
    - GTMSessionFetcher/Core (< 5.0, >= 3.4)
    - RecaptchaInterop (~> 100.0)
  - FirebaseAuthInterop (11.15.0)
  - FirebaseCore (11.4.0):
    - FirebaseCoreInternal (~> 11.0)
    - GoogleUtilities/Environment (~> 8.0)
    - GoogleUtilities/Logger (~> 8.0)
  - FirebaseCoreExtension (11.4.1):
    - FirebaseCore (~> 11.0)
  - FirebaseCoreInternal (11.15.0):
    - "GoogleUtilities/NSData+zlib (~> 8.1)"
  - Flutter (1.0.0)
  - GoogleUtilities/AppDelegateSwizzler (8.1.2):
    - GoogleUtilities/Environment
    - GoogleUtilities/Logger
    - GoogleUtilities/Network
    - GoogleUtilities/Privacy
  - GoogleUtilities/Environment (8.1.2):
    - GoogleUtilities/Privacy
  - GoogleUtilities/Logger (8.1.2):
    - GoogleUtilities/Environment
    - GoogleUtilities/Privacy
  - GoogleUtilities/Network (8.1.2):
    - GoogleUtilities/Logger
    - "GoogleUtilities/NSData+zlib"
    - GoogleUtilities/Privacy
    - GoogleUtilities/Reachability
  - "GoogleUtilities/NSData+zlib (8.1.2)":
    - GoogleUtilities/Privacy
  - GoogleUtilities/Privacy (8.1.2)
  - GoogleUtilities/Reachability (8.1.2):
    - GoogleUtilities/Logger
    - GoogleUtilities/Privacy
  - GTMSessionFetcher/Core (4.5.0)
  - JSONSafeEncoding (2.0.0)
  - JWTDecode (3.3.0)
  - KeychainSwift (20.0.0)
  - RecaptchaInterop (100.0.0)
  - shared_preferences_foundation (0.0.1):
    - Flutter
    - FlutterMacOS
  - Sovran (1.1.1)
  - Torus-fetchNodeDetails (8.0.1):
    - BigInt (~> 5.2.0)
  - Torus-utils (10.0.1):
    - curvelib.swift (~> 2.0.0)
    - Torus-fetchNodeDetails (~> 8.0.1)
  - TorusSessionManager (6.1.0):
    - curvelib.swift (~> 2.0.0)
    - KeychainSwift (~> 20.0.0)
  - Web3Auth (12.0.1):
    - AnalyticsSwiftCocoapod (~> 1.8.0)
    - BigInt (~> 5.2.0)
    - curvelib.swift (~> 2.0.0)
    - JWTDecode (~> 3.3.0)
    - KeychainSwift (~> 20.0.0)
    - Torus-utils (~> 10.0.1)
    - TorusSessionManager (~> 6.1.0)
  - web3auth_flutter (2.0.1):
    - Flutter
    - Web3Auth (~> 12.0.1)

DEPENDENCIES:
  - firebase_auth (from `.symlinks/plugins/firebase_auth/ios`)
  - firebase_core (from `.symlinks/plugins/firebase_core/ios`)
  - Flutter (from `Flutter`)
  - shared_preferences_foundation (from `.symlinks/plugins/shared_preferences_foundation/darwin`)
  - web3auth_flutter (from `.symlinks/plugins/web3auth_flutter/ios`)

SPEC REPOS:
  trunk:
    - AnalyticsSwiftCocoapod
    - BigInt
    - curvelib.swift
    - Firebase
    - FirebaseAppCheckInterop
    - FirebaseAuth
    - FirebaseAuthInterop
    - FirebaseCore
    - FirebaseCoreExtension
    - FirebaseCoreInternal
    - GoogleUtilities
    - GTMSessionFetcher
    - JSONSafeEncoding
    - JWTDecode
    - KeychainSwift
    - RecaptchaInterop
    - Sovran
    - Torus-fetchNodeDetails
    - Torus-utils
    - TorusSessionManager
    - Web3Auth

EXTERNAL SOURCES:
  firebase_auth:
    :path: ".symlinks/plugins/firebase_auth/ios"
  firebase_core:
    :path: ".symlinks/plugins/firebase_core/ios"
  Flutter:
    :path: Flutter
  shared_preferences_foundation:
    :path: ".symlinks/plugins/shared_preferences_foundation/darwin"
  web3auth_flutter:
    :path: ".symlinks/plugins/web3auth_flutter/ios"

SPEC CHECKSUMS:
  AnalyticsSwiftCocoapod: cc3e4d4e381a080c89a6f5f56845577c298bc627
  BigInt: f668a80089607f521586bbe29513d708491ef2f7
  curvelib.swift: b9223e5cac801effed8a5fe8968e952b3fe427a5
  Firebase: cf1b19f21410b029b6786a54e9764a0cacad3c99
  firebase_auth: c4bdd9d7b338ac004008cb5024a643584e0ec03f
  firebase_core: 418aed674e9a0b8b6088aec16cde82a811f6261f
  FirebaseAppCheckInterop: 06fe5a3799278ae4667e6c432edd86b1030fa3df
  FirebaseAuth: c359af98bd703cbf4293eec107a40de08ede6ce6
  FirebaseAuthInterop: 7087d7a4ee4bc4de019b2d0c240974ed5d89e2fd
  FirebaseCore: e0510f1523bc0eb21653cac00792e1e2bd6f1771
  FirebaseCoreExtension: f1bc67a4702931a7caa097d8e4ac0a1b0d16720e
  FirebaseCoreInternal: 9afa45b1159304c963da48addb78275ef701c6b4
  Flutter: cabc95a1d2626b1b06e7179b784ebcf0c0cde467
  GoogleUtilities: 766ace00c6b10d8148408f329d10c4f051931850
  GTMSessionFetcher: fc75fc972958dceedee61cb662ae1da7a83a91cf
  JSONSafeEncoding: 54722ebc4fe1482e3e60a8450e1287481e32dd8b
  JWTDecode: 1ca6f765844457d0dd8690436860fecee788f631
  KeychainSwift: 0ce6a4d13f7228054d1a71bb1b500448fb2ab837
  RecaptchaInterop: 7d1a4a01a6b2cb1610a47ef3f85f0c411434cb21
  shared_preferences_foundation: fcdcbc04712aee1108ac7fda236f363274528f78
  Sovran: f8212bb3855042a24689a73ea0219ca5295235da
  Torus-fetchNodeDetails: 0ae97719263ee98f5bf5549a86464eea38a828f3
  Torus-utils: 7c53a9c71663c2f458bfdcf1a380d7a5b88f9632
  TorusSessionManager: cd2de693425cefb976c7bca42a45964297d8c2cc
  Web3Auth: 5459b2d5bcdb150c5e84c7229639422cba684814
  web3auth_flutter: 679bf381b59e725390e03cc28980c02245025862

PODFILE CHECKSUM: 775997f741c536251164e3eacf6e34abf2eb7a17

COCOAPODS: 1.15.2
